
Microsoft Visual Studio Solution File, Format Version 12.00
# Visual Studio Version 16
VisualStudioVersion = 16.0.30907.101
MinimumVisualStudioVersion = 10.0.40219.1
Project("{9A19103F-16F7-4668-BE54-9A1E7A4F7556}") = "ConferenceApi", "ConferenceApi\ConferenceApi.csproj", "{E9310A7A-8E94-4DD9-80DD-8F97B7FF932F}"
EndProject
Project("{FAE04EC0-301F-11D3-BF4B-00C04F79EFBC}") = "ConferenceApi.Test", "ConferenceApi.Test\ConferenceApi.Test.csproj", "{C3E3F3F5-752E-4632-A199-CFB6E8C14723}"
EndProject
Global
	GlobalSection(SolutionConfigurationPlatforms) = preSolution
		Debug|Any CPU = Debug|Any CPU
		Release|Any CPU = Release|Any CPU
	EndGlobalSection
	GlobalSection(ProjectConfigurationPlatforms) = postSolution
		{E9310A7A-8E94-4DD9-80DD-8F97B7FF932F}.Debug|Any CPU.ActiveCfg = Debug|Any CPU
		{E9310A7A-8E94-4DD9-80DD-8F97B7FF932F}.Debug|Any CPU.Build.0 = Debug|Any CPU
		{E9310A7A-8E94-4DD9-80DD-8F97B7FF932F}.Release|Any CPU.ActiveCfg = Release|Any CPU
		{E9310A7A-8E94-4DD9-80DD-8F97B7FF932F}.Release|Any CPU.Build.0 = Release|Any CPU
		{C3E3F3F5-752E-4632-A199-CFB6E8C14723}.Debug|Any CPU.ActiveCfg = Debug|Any CPU
		{C3E3F3F5-752E-4632-A199-CFB6E8C14723}.Debug|Any CPU.Build.0 = Debug|Any CPU
		{C3E3F3F5-752E-4632-A199-CFB6E8C14723}.Release|Any CPU.ActiveCfg = Release|Any CPU
		{C3E3F3F5-752E-4632-A199-CFB6E8C14723}.Release|Any CPU.Build.0 = Release|Any CPU
	EndGlobalSection
	GlobalSection(SolutionProperties) = preSolution
		HideSolutionNode = FALSE
	EndGlobalSection
	GlobalSection(ExtensibilityGlobals) = postSolution
		SolutionGuid = {6DCE7D42-6165-4EC7-8BEF-0F1739BDCAA1}
	EndGlobalSection
EndGlobal
